// !$*UTF8*$!
{
	archiveVersion = 1;
	classes = {
	};
	objectVersion = 50;
	objects = {

/* Begin PBXBuildFile section */
		2BD94C20240FB867007957FF /* AppDelegate.swift in Sources */ = {isa = PBXBuildFile; fileRef = 2BD94C1F240FB867007957FF /* AppDelegate.swift */; };
		2BD94C22240FB867007957FF /* SceneDelegate.swift in Sources */ = {isa = PBXBuildFile; fileRef = 2BD94C21240FB867007957FF /* SceneDelegate.swift */; };
		2BD94C24240FB867007957FF /* ContentView.swift in Sources */ = {isa = PBXBuildFile; fileRef = 2BD94C23240FB867007957FF /* ContentView.swift */; };
		2BD94C26240FB86A007957FF /* Assets.xcassets in Resources */ = {isa = PBXBuildFile; fileRef = 2BD94C25240FB86A007957FF /* Assets.xcassets */; };
		2BD94C29240FB86A007957FF /* Preview Assets.xcassets in Resources */ = {isa = PBXBuildFile; fileRef = 2BD94C28240FB86A007957FF /* Preview Assets.xcassets */; };
		2BD94C2C240FB86A007957FF /* LaunchScreen.storyboard in Resources */ = {isa = PBXBuildFile; fileRef = 2BD94C2A240FB86A007957FF /* LaunchScreen.storyboard */; };
		2BD94C37240FB86A007957FF /* SwiftUi_practiceTests.swift in Sources */ = {isa = PBXBuildFile; fileRef = 2BD94C36240FB86A007957FF /* SwiftUi_practiceTests.swift */; };
		2BD94C42240FB86A007957FF /* SwiftUi_practiceUITests.swift in Sources */ = {isa = PBXBuildFile; fileRef = 2BD94C41240FB86A007957FF /* SwiftUi_practiceUITests.swift */; };
/* End PBXBuildFile section */

/* Begin PBXContainerItemProxy section */
		2BD94C33240FB86A007957FF /* PBXContainerItemProxy */ = {
			isa = PBXContainerItemProxy;
			containerPortal = 2BD94C14240FB866007957FF /* Project object */;
			proxyType = 1;
			remoteGlobalIDString = 2BD94C1B240FB867007957FF;
			remoteInfo = "SwiftUi-practice";
		};
		2BD94C3E240FB86A007957FF /* PBXContainerItemProxy */ = {
			isa = PBXContainerItemProxy;
			containerPortal = 2BD94C14240FB866007957FF /* Project object */;
			proxyType = 1;
			remoteGlobalIDString = 2BD94C1B240FB867007957FF;
			remoteInfo = "SwiftUi-practice";
		};
/* End PBXContainerItemProxy section */

/* Begin PBXFileReference section */
		2BD94C1C240FB867007957FF /* SwiftUi-practice.app */ = {isa = PBXFileReference; explicitFileType = wrapper.application; includeInIndex = 0; path = "SwiftUi-practice.app"; sourceTree = BUILT_PRODUCTS_DIR; };
		2BD94C1F240FB867007957FF /* AppDelegate.swift */ = {isa = PBXFileReference; lastKnownFileType = sourcecode.swift; path = AppDelegate.swift; sourceTree = "<group>"; };
		2BD94C21240FB867007957FF /* SceneDelegate.swift */ = {isa = PBXFileReference; lastKnownFileType = sourcecode.swift; path = SceneDelegate.swift; sourceTree = "<group>"; };
		2BD94C23240FB867007957FF /* ContentView.swift */ = {isa = PBXFileReference; lastKnownFileType = sourcecode.swift; path = ContentView.swift; sourceTree = "<group>"; };
		2BD94C25240FB86A007957FF /* Assets.xcassets */ = {isa = PBXFileReference; lastKnownFileType = folder.assetcatalog; path = Assets.xcassets; sourceTree = "<group>"; };
		2BD94C28240FB86A007957FF /* Preview Assets.xcassets */ = {isa = PBXFileReference; lastKnownFileType = folder.assetcatalog; path = "Preview Assets.xcassets"; sourceTree = "<group>"; };
		2BD94C2B240FB86A007957FF /* Base */ = {isa = PBXFileReference; lastKnownFileType = file.storyboard; name = Base; path = Base.lproj/LaunchScreen.storyboard; sourceTree = "<group>"; };
		2BD94C2D240FB86A007957FF /* Info.plist */ = {isa = PBXFileReference; lastKnownFileType = text.plist.xml; path = Info.plist; sourceTree = "<group>"; };
		2BD94C32240FB86A007957FF /* SwiftUi-practiceTests.xctest */ = {isa = PBXFileReference; explicitFileType = wrapper.cfbundle; includeInIndex = 0; path = "SwiftUi-practiceTests.xctest"; sourceTree = BUILT_PRODUCTS_DIR; };
		2BD94C36240FB86A007957FF /* SwiftUi_practiceTests.swift */ = {isa = PBXFileReference; lastKnownFileType = sourcecode.swift; path = SwiftUi_practiceTests.swift; sourceTree = "<group>"; };
		2BD94C38240FB86A007957FF /* Info.plist */ = {isa = PBXFileReference; lastKnownFileType = text.plist.xml; path = Info.plist; sourceTree = "<group>"; };
		2BD94C3D240FB86A007957FF /* SwiftUi-practiceUITests.xctest */ = {isa = PBXFileReference; explicitFileType = wrapper.cfbundle; includeInIndex = 0; path = "SwiftUi-practiceUITests.xctest"; sourceTree = BUILT_PRODUCTS_DIR; };
		2BD94C41240FB86A007957FF /* SwiftUi_practiceUITests.swift */ = {isa = PBXFileReference; lastKnownFileType = sourcecode.swift; path = SwiftUi_practiceUITests.swift; sourceTree = "<group>"; };
		2BD94C43240FB86A007957FF /* Info.plist */ = {isa = PBXFileReference; lastKnownFileType = text.plist.xml; path = Info.plist; sourceTree = "<group>"; };
/* End PBXFileReference section */

/* Begin PBXFrameworksBuildPhase section */
		2BD94C19240FB867007957FF /* Frameworks */ = {
			isa = PBXFrameworksBuildPhase;
			buildActionMask = 2147483647;
			files = (
			);
			runOnlyForDeploymentPostprocessing = 0;
		};
		2BD94C2F240FB86A007957FF /* Frameworks */ = {
			isa = PBXFrameworksBuildPhase;
			buildActionMask = 2147483647;
			files = (
			);
			runOnlyForDeploymentPostprocessing = 0;
		};
		2BD94C3A240FB86A007957FF /* Frameworks */ = {
			isa = PBXFrameworksBuildPhase;
			buildActionMask = 2147483647;
			files = (
			);
			runOnlyForDeploymentPostprocessing = 0;
		};
/* End PBXFrameworksBuildPhase section */

/* Begin PBXGroup section */
		2BD94C13240FB866007957FF = {
			isa = PBXGroup;
			children = (
				2BD94C1E240FB867007957FF /* SwiftUi-practice */,
				2BD94C35240FB86A007957FF /* SwiftUi-practiceTests */,
				2BD94C40240FB86A007957FF /* SwiftUi-practiceUITests */,
				2BD94C1D240FB867007957FF /* Products */,
			);
			sourceTree = "<group>";
		};
		2BD94C1D240FB867007957FF /* Products */ = {
			isa = PBXGroup;
			children = (
				2BD94C1C240FB867007957FF /* SwiftUi-practice.app */,
				2BD94C32240FB86A007957FF /* SwiftUi-practiceTests.xctest */,
				2BD94C3D240FB86A007957FF /* SwiftUi-practiceUITests.xctest */,
			);
			name = Products;
			sourceTree = "<group>";
		};
		2BD94C1E240FB867007957FF /* SwiftUi-practice */ = {
			isa = PBXGroup;
			children = (
				2BD94C1F240FB867007957FF /* AppDelegate.swift */,
				2BD94C21240FB867007957FF /* SceneDelegate.swift */,
				2BD94C23240FB867007957FF /* ContentView.swift */,
				2BD94C25240FB86A007957FF /* Assets.xcassets */,
				2BD94C2A240FB86A007957FF /* LaunchScreen.storyboard */,
				2BD94C2D240FB86A007957FF /* Info.plist */,
				2BD94C27240FB86A007957FF /* Preview Content */,
			);
			path = "SwiftUi-practice";
			sourceTree = "<group>";
		};
		2BD94C27240FB86A007957FF /* Preview Content */ = {
			isa = PBXGroup;
			children = (
				2BD94C28240FB86A007957FF /* Preview Assets.xcassets */,
			);
			path = "Preview Content";
			sourceTree = "<group>";
		};
		2BD94C35240FB86A007957FF /* SwiftUi-practiceTests */ = {
			isa = PBXGroup;
			children = (
				2BD94C36240FB86A007957FF /* SwiftUi_practiceTests.swift */,
				2BD94C38240FB86A007957FF /* Info.plist */,
			);
			path = "SwiftUi-practiceTests";
			sourceTree = "<group>";
		};
		2BD94C40240FB86A007957FF /* SwiftUi-practiceUITests */ = {
			isa = PBXGroup;
			children = (
				2BD94C41240FB86A007957FF /* SwiftUi_practiceUITests.swift */,
				2BD94C43240FB86A007957FF /* Info.plist */,
			);
			path = "SwiftUi-practiceUITests";
			sourceTree = "<group>";
		};
/* End PBXGroup section */

/* Begin PBXNativeTarget section */
		2BD94C1B240FB867007957FF /* SwiftUi-practice */ = {
			isa = PBXNativeTarget;
			buildConfigurationList = 2BD94C46240FB86A007957FF /* Build configuration list for PBXNativeTarget "SwiftUi-practice" */;
			buildPhases = (
				2BD94C18240FB867007957FF /* Sources */,
				2BD94C19240FB867007957FF /* Frameworks */,
				2BD94C1A240FB867007957FF /* Resources */,
			);
			buildRules = (
			);
			dependencies = (
			);
			name = "SwiftUi-practice";
			productName = "SwiftUi-practice";
			productReference = 2BD94C1C240FB867007957FF /* SwiftUi-practice.app */;
			productType = "com.apple.product-type.application";
		};
		2BD94C31240FB86A007957FF /* SwiftUi-practiceTests */ = {
			isa = PBXNativeTarget;
			buildConfigurationList = 2BD94C49240FB86A007957FF /* Build configuration list for PBXNativeTarget "SwiftUi-practiceTests" */;
			buildPhases = (
				2BD94C2E240FB86A007957FF /* Sources */,
				2BD94C2F240FB86A007957FF /* Frameworks */,
				2BD94C30240FB86A007957FF /* Resources */,
			);
			buildRules = (
			);
			dependencies = (
				2BD94C34240FB86A007957FF /* PBXTargetDependency */,
			);
			name = "SwiftUi-practiceTests";
			productName = "SwiftUi-practiceTests";
			productReference = 2BD94C32240FB86A007957FF /* SwiftUi-practiceTests.xctest */;
			productType = "com.apple.product-type.bundle.unit-test";
		};
		2BD94C3C240FB86A007957FF /* SwiftUi-practiceUITests */ = {
			isa = PBXNativeTarget;
			buildConfigurationList = 2BD94C4C240FB86A007957FF /* Build configuration list for PBXNativeTarget "SwiftUi-practiceUITests" */;
			buildPhases = (
				2BD94C39240FB86A007957FF /* Sources */,
				2BD94C3A240FB86A007957FF /* Frameworks */,
				2BD94C3B240FB86A007957FF /* Resources */,
			);
			buildRules = (
			);
			dependencies = (
				2BD94C3F240FB86A007957FF /* PBXTargetDependency */,
			);
			name = "SwiftUi-practiceUITests";
			productName = "SwiftUi-practiceUITests";
			productReference = 2BD94C3D240FB86A007957FF /* SwiftUi-practiceUITests.xctest */;
			productType = "com.apple.product-type.bundle.ui-testing";
		};
/* End PBXNativeTarget section */

/* Begin PBXProject section */
		2BD94C14240FB866007957FF /* Project object */ = {
			isa = PBXProject;
			attributes = {
				LastSwiftUpdateCheck = 1130;
				LastUpgradeCheck = 1130;
				ORGANIZATIONNAME = "Tanamet Tanasinpatcharakul";
				TargetAttributes = {
					2BD94C1B240FB867007957FF = {
						CreatedOnToolsVersion = 11.3.1;
					};
					2BD94C31240FB86A007957FF = {
						CreatedOnToolsVersion = 11.3.1;
						TestTargetID = 2BD94C1B240FB867007957FF;
					};
					2BD94C3C240FB86A007957FF = {
						CreatedOnToolsVersion = 11.3.1;
						TestTargetID = 2BD94C1B240FB867007957FF;
					};
				};
			};
			buildConfigurationList = 2BD94C17240FB866007957FF /* Build configuration list for PBXProject "SwiftUi-practice" */;
			compatibilityVersion = "Xcode 9.3";
			developmentRegion = en;
			hasScannedForEncodings = 0;
			knownRegions = (
				en,
				Base,
			);
			mainGroup = 2BD94C13240FB866007957FF;
			productRefGroup = 2BD94C1D240FB867007957FF /* Products */;
			projectDirPath = "";
			projectRoot = "";
			targets = (
				2BD94C1B240FB867007957FF /* SwiftUi-practice */,
				2BD94C31240FB86A007957FF /* SwiftUi-practiceTests */,
				2BD94C3C240FB86A007957FF /* SwiftUi-practiceUITests */,
			);
		};
/* End PBXProject section */

/* Begin PBXResourcesBuildPhase section */
		2BD94C1A240FB867007957FF /* Resources */ = {
			isa = PBXResourcesBuildPhase;
			buildActionMask = 2147483647;
			files = (
				2BD94C2C240FB86A007957FF /* LaunchScreen.storyboard in Resources */,
				2BD94C29240FB86A007957FF /* Preview Assets.xcassets in Resources */,
				2BD94C26240FB86A007957FF /* Assets.xcassets in Resources */,
			);
			runOnlyForDeploymentPostprocessing = 0;
		};
		2BD94C30240FB86A007957FF /* Resources */ = {
			isa = PBXResourcesBuildPhase;
			buildActionMask = 2147483647;
			files = (
			);
			runOnlyForDeploymentPostprocessing = 0;
		};
		2BD94C3B240FB86A007957FF /* Resources */ = {
			isa = PBXResourcesBuildPhase;
			buildActionMask = 2147483647;
			files = (
			);
			runOnlyForDeploymentPostprocessing = 0;
		};
/* End PBXResourcesBuildPhase section */

/* Begin PBXSourcesBuildPhase section */
		2BD94C18240FB867007957FF /* Sources */ = {
			isa = PBXSourcesBuildPhase;
			buildActionMask = 2147483647;
			files = (
				2BD94C20240FB867007957FF /* AppDelegate.swift in Sources */,
				2BD94C22240FB867007957FF /* SceneDelegate.swift in Sources */,
				2BD94C24240FB867007957FF /* ContentView.swift in Sources */,
			);
			runOnlyForDeploymentPostprocessing = 0;
		};
		2BD94C2E240FB86A007957FF /* Sources */ = {
			isa = PBXSourcesBuildPhase;
			buildActionMask = 2147483647;
			files = (
				2BD94C37240FB86A007957FF /* SwiftUi_practiceTests.swift in Sources */,
			);
			runOnlyForDeploymentPostprocessing = 0;
		};
		2BD94C39240FB86A007957FF /* Sources */ = {
			isa = PBXSourcesBuildPhase;
			buildActionMask = 2147483647;
			files = (
				2BD94C42240FB86A007957FF /* SwiftUi_practiceUITests.swift in Sources */,
			);
			runOnlyForDeploymentPostprocessing = 0;
		};
/* End PBXSourcesBuildPhase section */

/* Begin PBXTargetDependency section */
		2BD94C34240FB86A007957FF /* PBXTargetDependency */ = {
			isa = PBXTargetDependency;
			target = 2BD94C1B240FB867007957FF /* SwiftUi-practice */;
			targetProxy = 2BD94C33240FB86A007957FF /* PBXContainerItemProxy */;
		};
		2BD94C3F240FB86A007957FF /* PBXTargetDependency */ = {
			isa = PBXTargetDependency;
			target = 2BD94C1B240FB867007957FF /* SwiftUi-practice */;
			targetProxy = 2BD94C3E240FB86A007957FF /* PBXContainerItemProxy */;
		};
/* End PBXTargetDependency section */

/* Begin PBXVariantGroup section */
		2BD94C2A240FB86A007957FF /* LaunchScreen.storyboard */ = {
			isa = PBXVariantGroup;
			children = (
				2BD94C2B240FB86A007957FF /* Base */,
			);
			name = LaunchScreen.storyboard;
			sourceTree = "<group>";
		};
/* End PBXVariantGroup section */

/* Begin XCBuildConfiguration section */
		2BD94C44240FB86A007957FF /* Debug */ = {
			isa = XCBuildConfiguration;
			buildSettings = {
				ALWAYS_SEARCH_USER_PATHS = NO;
				CLANG_ANALYZER_NONNULL = YES;
				CLANG_ANALYZER_NUMBER_OBJECT_CONVERSION = YES_AGGRESSIVE;
				CLANG_CXX_LANGUAGE_STANDARD = "gnu++14";
				CLANG_CXX_LIBRARY = "libc++";
				CLANG_ENABLE_MODULES = YES;
				CLANG_ENABLE_OBJC_ARC = YES;
				CLANG_ENABLE_OBJC_WEAK = YES;
				CLANG_WARN_BLOCK_CAPTURE_AUTORELEASING = YES;
				CLANG_WARN_BOOL_CONVERSION = YES;
				CLANG_WARN_COMMA = YES;
				CLANG_WARN_CONSTANT_CONVERSION = YES;
				CLANG_WARN_DEPRECATED_OBJC_IMPLEMENTATIONS = YES;
				CLANG_WARN_DIRECT_OBJC_ISA_USAGE = YES_ERROR;
				CLANG_WARN_DOCUMENTATION_COMMENTS = YES;
				CLANG_WARN_EMPTY_BODY = YES;
				CLANG_WARN_ENUM_CONVERSION = YES;
				CLANG_WARN_INFINITE_RECURSION = YES;
				CLANG_WARN_INT_CONVERSION = YES;
				CLANG_WARN_NON_LITERAL_NULL_CONVERSION = YES;
				CLANG_WARN_OBJC_IMPLICIT_RETAIN_SELF = YES;
				CLANG_WARN_OBJC_LITERAL_CONVERSION = YES;
				CLANG_WARN_OBJC_ROOT_CLASS = YES_ERROR;
				CLANG_WARN_RANGE_LOOP_ANALYSIS = YES;
				CLANG_WARN_STRICT_PROTOTYPES = YES;
				CLANG_WARN_SUSPICIOUS_MOVE = YES;
				CLANG_WARN_UNGUARDED_AVAILABILITY = YES_AGGRESSIVE;
				CLANG_WARN_UNREACHABLE_CODE = YES;
				CLANG_WARN__DUPLICATE_METHOD_MATCH = YES;
				COPY_PHASE_STRIP = NO;
				DEBUG_INFORMATION_FORMAT = dwarf;
				ENABLE_STRICT_OBJC_MSGSEND = YES;
				ENABLE_TESTABILITY = YES;
				GCC_C_LANGUAGE_STANDARD = gnu11;
				GCC_DYNAMIC_NO_PIC = NO;
				GCC_NO_COMMON_BLOCKS = YES;
				GCC_OPTIMIZATION_LEVEL = 0;
				GCC_PREPROCESSOR_DEFINITIONS = (
					"DEBUG=1",
					"$(inherited)",
				);
				GCC_WARN_64_TO_32_BIT_CONVERSION = YES;
				GCC_WARN_ABOUT_RETURN_TYPE = YES_ERROR;
				GCC_WARN_UNDECLARED_SELECTOR = YES;
				GCC_WARN_UNINITIALIZED_AUTOS = YES_AGGRESSIVE;
				GCC_WARN_UNUSED_FUNCTION = YES;
				GCC_WARN_UNUSED_VARIABLE = YES;
				IPHONEOS_DEPLOYMENT_TARGET = 13.2;
				MTL_ENABLE_DEBUG_INFO = INCLUDE_SOURCE;
				MTL_FAST_MATH = YES;
				ONLY_ACTIVE_ARCH = YES;
				SDKROOT = iphoneos;
				SWIFT_ACTIVE_COMPILATION_CONDITIONS = DEBUG;
				SWIFT_OPTIMIZATION_LEVEL = "-Onone";
			};
			name = Debug;
		};
		2BD94C45240FB86A007957FF /* Release */ = {
			isa = XCBuildConfiguration;
			buildSettings = {
				ALWAYS_SEARCH_USER_PATHS = NO;
				CLANG_ANALYZER_NONNULL = YES;
				CLANG_ANALYZER_NUMBER_OBJECT_CONVERSION = YES_AGGRESSIVE;
				CLANG_CXX_LANGUAGE_STANDARD = "gnu++14";
				CLANG_CXX_LIBRARY = "libc++";
				CLANG_ENABLE_MODULES = YES;
				CLANG_ENABLE_OBJC_ARC = YES;
				CLANG_ENABLE_OBJC_WEAK = YES;
				CLANG_WARN_BLOCK_CAPTURE_AUTORELEASING = YES;
				CLANG_WARN_BOOL_CONVERSION = YES;
				CLANG_WARN_COMMA = YES;
				CLANG_WARN_CONSTANT_CONVERSION = YES;
				CLANG_WARN_DEPRECATED_OBJC_IMPLEMENTATIONS = YES;
				CLANG_WARN_DIRECT_OBJC_ISA_USAGE = YES_ERROR;
				CLANG_WARN_DOCUMENTATION_COMMENTS = YES;
				CLANG_WARN_EMPTY_BODY = YES;
				CLANG_WARN_ENUM_CONVERSION = YES;
				CLANG_WARN_INFINITE_RECURSION = YES;
				CLANG_WARN_INT_CONVERSION = YES;
				CLANG_WARN_NON_LITERAL_NULL_CONVERSION = YES;
				CLANG_WARN_OBJC_IMPLICIT_RETAIN_SELF = YES;
				CLANG_WARN_OBJC_LITERAL_CONVERSION = YES;
				CLANG_WARN_OBJC_ROOT_CLASS = YES_ERROR;
				CLANG_WARN_RANGE_LOOP_ANALYSIS = YES;
				CLANG_WARN_STRICT_PROTOTYPES = YES;
				CLANG_WARN_SUSPICIOUS_MOVE = YES;
				CLANG_WARN_UNGUARDED_AVAILABILITY = YES_AGGRESSIVE;
				CLANG_WARN_UNREACHABLE_CODE = YES;
				CLANG_WARN__DUPLICATE_METHOD_MATCH = YES;
				COPY_PHASE_STRIP = NO;
				DEBUG_INFORMATION_FORMAT = "dwarf-with-dsym";
				ENABLE_NS_ASSERTIONS = NO;
				ENABLE_STRICT_OBJC_MSGSEND = YES;
				GCC_C_LANGUAGE_STANDARD = gnu11;
				GCC_NO_COMMON_BLOCKS = YES;
				GCC_WARN_64_TO_32_BIT_CONVERSION = YES;
				GCC_WARN_ABOUT_RETURN_TYPE = YES_ERROR;
				GCC_WARN_UNDECLARED_SELECTOR = YES;
				GCC_WARN_UNINITIALIZED_AUTOS = YES_AGGRESSIVE;
				GCC_WARN_UNUSED_FUNCTION = YES;
				GCC_WARN_UNUSED_VARIABLE = YES;
				IPHONEOS_DEPLOYMENT_TARGET = 13.2;
				MTL_ENABLE_DEBUG_INFO = NO;
				MTL_FAST_MATH = YES;
				SDKROOT = iphoneos;
				SWIFT_COMPILATION_MODE = wholemodule;
				SWIFT_OPTIMIZATION_LEVEL = "-O";
				VALIDATE_PRODUCT = YES;
			};
			name = Release;
		};
		2BD94C47240FB86A007957FF /* Debug */ = {
			isa = XCBuildConfiguration;
			buildSettings = {
				ASSETCATALOG_COMPILER_APPICON_NAME = AppIcon;
				CODE_SIGN_STYLE = Automatic;
				DEVELOPMENT_ASSET_PATHS = "\"SwiftUi-practice/Preview Content\"";
				DEVELOPMENT_TEAM = 2X9GP6PXPZ;
				ENABLE_PREVIEWS = YES;
				INFOPLIST_FILE = "SwiftUi-practice/Info.plist";
				LD_RUNPATH_SEARCH_PATHS = (
					"$(inherited)",
					"@executable_path/Frameworks",
				);
				PRODUCT_BUNDLE_IDENTIFIER = "com.tanamet.SwiftUi-practice";
				PRODUCT_NAME = "$(TARGET_NAME)";
				SWIFT_VERSION = 5.0;
				TARGETED_DEVICE_FAMILY = "1,2";
			};
			name = Debug;
		};
		2BD94C48240FB86A007957FF /* Release */ = {
			isa = XCBuildConfiguration;
			buildSettings = {
				ASSETCATALOG_COMPILER_APPICON_NAME = AppIcon;
				CODE_SIGN_STYLE = Automatic;
				DEVELOPMENT_ASSET_PATHS = "\"SwiftUi-practice/Preview Content\"";
				DEVELOPMENT_TEAM = 2X9GP6PXPZ;
				ENABLE_PREVIEWS = YES;
				INFOPLIST_FILE = "SwiftUi-practice/Info.plist";
				LD_RUNPATH_SEARCH_PATHS = (
					"$(inherited)",
					"@executable_path/Frameworks",
				);
				PRODUCT_BUNDLE_IDENTIFIER = "com.tanamet.SwiftUi-practice";
				PRODUCT_NAME = "$(TARGET_NAME)";
				SWIFT_VERSION = 5.0;
				TARGETED_DEVICE_FAMILY = "1,2";
			};
			name = Release;
		};
		2BD94C4A240FB86A007957FF /* Debug */ = {
			isa = XCBuildConfiguration;
			buildSettings = {
				ALWAYS_EMBED_SWIFT_STANDARD_LIBRARIES = YES;
				BUNDLE_LOADER = "$(TEST_HOST)";
				CODE_SIGN_STYLE = Automatic;
				DEVELOPMENT_TEAM = 2X9GP6PXPZ;
				INFOPLIST_FILE = "SwiftUi-practiceTests/Info.plist";
				IPHONEOS_DEPLOYMENT_TARGET = 13.2;
				LD_RUNPATH_SEARCH_PATHS = (
					"$(inherited)",
					"@executable_path/Frameworks",
					"@loader_path/Frameworks",
				);
				PRODUCT_BUNDLE_IDENTIFIER = "com.tanamet.SwiftUi-practiceTests";
				PRODUCT_NAME = "$(TARGET_NAME)";
				SWIFT_VERSION = 5.0;
				TARGETED_DEVICE_FAMILY = "1,2";
				TEST_HOST = "$(BUILT_PRODUCTS_DIR)/SwiftUi-practice.app/SwiftUi-practice";
			};
			name = Debug;
		};
		2BD94C4B240FB86A007957FF /* Release */ = {
			isa = XCBuildConfiguration;
			buildSettings = {
				ALWAYS_EMBED_SWIFT_STANDARD_LIBRARIES = YES;
				BUNDLE_LOADER = "$(TEST_HOST)";
				CODE_SIGN_STYLE = Automatic;
				DEVELOPMENT_TEAM = 2X9GP6PXPZ;
				INFOPLIST_FILE = "SwiftUi-practiceTests/Info.plist";
				IPHONEOS_DEPLOYMENT_TARGET = 13.2;
				LD_RUNPATH_SEARCH_PATHS = (
					"$(inherited)",
					"@executable_path/Frameworks",
					"@loader_path/Frameworks",
				);
				PRODUCT_BUNDLE_IDENTIFIER = "com.tanamet.SwiftUi-practiceTests";
				PRODUCT_NAME = "$(TARGET_NAME)";
				SWIFT_VERSION = 5.0;
				TARGETED_DEVICE_FAMILY = "1,2";
				TEST_HOST = "$(BUILT_PRODUCTS_DIR)/SwiftUi-practice.app/SwiftUi-practice";
			};
			name = Release;
		};
		2BD94C4D240FB86A007957FF /* Debug */ = {
			isa = XCBuildConfiguration;
			buildSettings = {
				ALWAYS_EMBED_SWIFT_STANDARD_LIBRARIES = YES;
				CODE_SIGN_STYLE = Automatic;
				DEVELOPMENT_TEAM = 2X9GP6PXPZ;
				INFOPLIST_FILE = "SwiftUi-practiceUITests/Info.plist";
				LD_RUNPATH_SEARCH_PATHS = (
					"$(inherited)",
					"@executable_path/Frameworks",
					"@loader_path/Frameworks",
				);
				PRODUCT_BUNDLE_IDENTIFIER = "com.tanamet.SwiftUi-practiceUITests";
				PRODUCT_NAME = "$(TARGET_NAME)";
				SWIFT_VERSION = 5.0;
				TARGETED_DEVICE_FAMILY = "1,2";
				TEST_TARGET_NAME = "SwiftUi-practice";
			};
			name = Debug;
		};
		2BD94C4E240FB86A007957FF /* Release */ = {
			isa = XCBuildConfiguration;
			buildSettings = {
				ALWAYS_EMBED_SWIFT_STANDARD_LIBRARIES = YES;
				CODE_SIGN_STYLE = Automatic;
				DEVELOPMENT_TEAM = 2X9GP6PXPZ;
				INFOPLIST_FILE = "SwiftUi-practiceUITests/Info.plist";
				LD_RUNPATH_SEARCH_PATHS = (
					"$(inherited)",
					"@executable_path/Frameworks",
					"@loader_path/Frameworks",
				);
				PRODUCT_BUNDLE_IDENTIFIER = "com.tanamet.SwiftUi-practiceUITests";
				PRODUCT_NAME = "$(TARGET_NAME)";
				SWIFT_VERSION = 5.0;
				TARGETED_DEVICE_FAMILY = "1,2";
				TEST_TARGET_NAME = "SwiftUi-practice";
			};
			name = Release;
		};
/* End XCBuildConfiguration section */

/* Begin XCConfigurationList section */
		2BD94C17240FB866007957FF /* Build configuration list for PBXProject "SwiftUi-practice" */ = {
			isa = XCConfigurationList;
			buildConfigurations = (
				2BD94C44240FB86A007957FF /* Debug */,
				2BD94C45240FB86A007957FF /* Release */,
			);
			defaultConfigurationIsVisible = 0;
			defaultConfigurationName = Release;
		};
		2BD94C46240FB86A007957FF /* Build configuration list for PBXNativeTarget "SwiftUi-practice" */ = {
			isa = XCConfigurationList;
			buildConfigurations = (
				2BD94C47240FB86A007957FF /* Debug */,
				2BD94C48240FB86A007957FF /* Release */,
			);
			defaultConfigurationIsVisible = 0;
			defaultConfigurationName = Release;
		};
		2BD94C49240FB86A007957FF /* Build configuration list for PBXNativeTarget "SwiftUi-practiceTests" */ = {
			isa = XCConfigurationList;
			buildConfigurations = (
				2BD94C4A240FB86A007957FF /* Debug */,
				2BD94C4B240FB86A007957FF /* Release */,
			);
			defaultConfigurationIsVisible = 0;
			defaultConfigurationName = Release;
		};
		2BD94C4C240FB86A007957FF /* Build configuration list for PBXNativeTarget "SwiftUi-practiceUITests" */ = {
			isa = XCConfigurationList;
			buildConfigurations = (
				2BD94C4D240FB86A007957FF /* Debug */,
				2BD94C4E240FB86A007957FF /* Release */,
			);
			defaultConfigurationIsVisible = 0;
			defaultConfigurationName = Release;
		};
/* End XCConfigurationList section */
	};
	rootObject = 2BD94C14240FB866007957FF /* Project object */;
}
